<?xml version="1.0" encoding="utf-8"?>
<Project ToolsVersion="4.0" xmlns="http://schemas.microsoft.com/developer/msbuild/2003">
  <ItemGroup>
    <Filter Include="Source Files">
      <UniqueIdentifier>{4FC737F1-C7A5-4376-A066-2A32D752A2FF}</UniqueIdentifier>
      <Extensions>cpp;c;cc;cxx;def;odl;idl;hpj;bat;asm;asmx</Extensions>
    </Filter>
    <Filter Include="Header Files">
      <UniqueIdentifier>{93995380-89BD-4b04-88EB-625FBE52EBFB}</UniqueIdentifier>
      <Extensions>h;hh;hpp;hxx;hm;inl;inc;ipp;xsd</Extensions>
    </Filter>
    <Filter Include="Textures">
      <UniqueIdentifier>{b5a36503-1ac1-44c6-bd0b-b12682cdd3b9}</UniqueIdentifier>
    </Filter>
    <Filter Include="AI">
      <UniqueIdentifier>{3c1cdcc6-e87c-4e2e-891f-7ffab92fb554}</UniqueIdentifier>
    </Filter>
    <Filter Include="Decisions">
      <UniqueIdentifier>{8955f30d-bdac-491b-a99c-f24089919ab2}</UniqueIdentifier>
    </Filter>
  </ItemGroup>
  <ItemGroup>
    <ClCompile Include="main.cpp">
      <Filter>Source Files</Filter>
    </ClCompile>
    <ClCompile Include="Scene.cpp">
      <Filter>Source Files</Filter>
    </ClCompile>
    <ClCompile Include="Actor.cpp">
      <Filter>Source Files</Filter>
    </ClCompile>
    <ClCompile Include="Sprite.cpp">
      <Filter>Source Files</Filter>
    </ClCompile>
    <ClCompile Include="Player.cpp">
      <Filter>Source Files</Filter>
    </ClCompile>
    <ClCompile Include="Bullet.cpp">
      <Filter>Source Files</Filter>
    </ClCompile>
    <ClCompile Include="Agent.cpp">
      <Filter>AI</Filter>
    </ClCompile>
    <ClCompile Include="SeekBehaviour.cpp">
      <Filter>AI</Filter>
    </ClCompile>
    <ClCompile Include="Enemy.cpp">
      <Filter>AI</Filter>
    </ClCompile>
    <ClCompile Include="RoamBehaviour.cpp">
      <Filter>AI</Filter>
    </ClCompile>
    <ClCompile Include="FleeBehaviour.cpp">
      <Filter>AI</Filter>
    </ClCompile>
    <ClCompile Include="PursueBehaviour.cpp">
      <Filter>AI</Filter>
    </ClCompile>
    <ClCompile Include="Game.cpp">
      <Filter>Source Files</Filter>
    </ClCompile>
    <ClCompile Include="EvadeBehaviour.cpp">
      <Filter>AI</Filter>
    </ClCompile>
    <ClCompile Include="Character.cpp">
      <Filter>Source Files</Filter>
    </ClCompile>
    <ClCompile Include="SimpleEnemy.cpp">
      <Filter>Source Files</Filter>
    </ClCompile>
    <ClCompile Include="PursueDecision.cpp">
      <Filter>Source Files</Filter>
    </ClCompile>
    <ClCompile Include="DecisionBehaviour.cpp">
      <Filter>Decisions</Filter>
    </ClCompile>
    <ClCompile Include="ABDecision.cpp">
      <Filter>Decisions</Filter>
    </ClCompile>
    <ClCompile Include="Edge.cpp">
      <Filter>Source Files</Filter>
    </ClCompile>
    <ClCompile Include="Node.cpp">
      <Filter>Source Files</Filter>
    </ClCompile>
    <ClCompile Include="Graph.cpp">
      <Filter>Source Files</Filter>
    </ClCompile>
    <ClCompile Include="ComplexEnemy.cpp">
      <Filter>Source Files</Filter>
    </ClCompile>
    <ClCompile Include="FleeDecision.cpp">
      <Filter>Source Files</Filter>
    </ClCompile>
  </ItemGroup>
  <ItemGroup>
    <ClInclude Include="Game.h">
      <Filter>Header Files</Filter>
    </ClInclude>
    <ClInclude Include="Scene.h">
      <Filter>Header Files</Filter>
    </ClInclude>
    <ClInclude Include="Actor.h">
      <Filter>Header Files</Filter>
    </ClInclude>
    <ClInclude Include="Sprite.h">
      <Filter>Header Files</Filter>
    </ClInclude>
    <ClInclude Include="Player.h">
      <Filter>Header Files</Filter>
    </ClInclude>
    <ClInclude Include="Bullet.h">
      <Filter>Header Files</Filter>
    </ClInclude>
    <ClInclude Include="SeekBehaviour.h">
      <Filter>AI</Filter>
    </ClInclude>
    <ClInclude Include="SteeringBehaviour.h">
      <Filter>AI</Filter>
    </ClInclude>
    <ClInclude Include="Agent.h">
      <Filter>AI</Filter>
    </ClInclude>
    <ClInclude Include="Behaviour.h">
      <Filter>AI</Filter>
    </ClInclude>
    <ClInclude Include="Enemy.h">
      <Filter>AI</Filter>
    </ClInclude>
    <ClInclude Include="RoamBehaviour.h">
      <Filter>AI</Filter>
    </ClInclude>
    <ClInclude Include="FleeBehaviour.h">
      <Filter>AI</Filter>
    </ClInclude>
    <ClInclude Include="PursueBehaviour.h">
      <Filter>AI</Filter>
    </ClInclude>
    <ClInclude Include="EvadeBehaviour.h">
      <Filter>AI</Filter>
    </ClInclude>
    <ClInclude Include="Character.h">
      <Filter>Header Files</Filter>
    </ClInclude>
    <ClInclude Include="SimpleEnemy.h">
      <Filter>Header Files</Filter>
    </ClInclude>
    <ClInclude Include="PursueDecision.h">
      <Filter>Header Files</Filter>
    </ClInclude>
    <ClInclude Include="ABDecision.h">
      <Filter>Decisions</Filter>
    </ClInclude>
    <ClInclude Include="DecisionBehaviour.h">
      <Filter>Decisions</Filter>
    </ClInclude>
    <ClInclude Include="Decision.h">
      <Filter>Decisions</Filter>
    </ClInclude>
    <ClInclude Include="Edge.h">
      <Filter>Header Files</Filter>
    </ClInclude>
    <ClInclude Include="Node.h">
      <Filter>Header Files</Filter>
    </ClInclude>
    <ClInclude Include="Graph.h">
      <Filter>Header Files</Filter>
    </ClInclude>
    <ClInclude Include="ComplexEnemy.h">
      <Filter>Header Files</Filter>
    </ClInclude>
    <ClInclude Include="FleeDecision.h">
      <Filter>Header Files</Filter>
    </ClInclude>
  </ItemGroup>
  <ItemGroup>
    <Image Include="Images\player.png">
      <Filter>Textures</Filter>
    </Image>
    <Image Include="Images\bullet.png">
      <Filter>Textures</Filter>
    </Image>
    <Image Include="Images\enemy.png">
      <Filter>Textures</Filter>
    </Image>
  </ItemGroup>
</Project>